
Microsoft Visual Studio Solution File, Format Version 12.00
# Visual Studio 15
VisualStudioVersion = 15.0.26124.0
MinimumVisualStudioVersion = 15.0.26124.0
Project("{FAE04EC0-301F-11D3-BF4B-00C04F79EFBC}") = "Domain", "Domain\Domain.csproj", "{F5F6445F-A953-4128-8E52-0F5094AFB2CF}"
EndProject
Project("{FAE04EC0-301F-11D3-BF4B-00C04F79EFBC}") = "Application", "Application\Application.csproj", "{B800ABA1-FE06-486F-8CC1-739FC8C647E9}"
EndProject
Project("{FAE04EC0-301F-11D3-BF4B-00C04F79EFBC}") = "Persistence", "Persistence\Persistence.csproj", "{7217C3AE-805C-4B22-9F49-DBFABEB0770C}"
EndProject
Project("{FAE04EC0-301F-11D3-BF4B-00C04F79EFBC}") = "API", "API\API.csproj", "{55DE2C16-5C1C-4386-B7FD-6E32866ED992}"
EndProject
Project("{FAE04EC0-301F-11D3-BF4B-00C04F79EFBC}") = "Infrastructure", "Infrastructure\Infrastructure.csproj", "{B6E1854F-998B-4825-A2E7-F7B38B0F2E1D}"
EndProject
Global
	GlobalSection(SolutionConfigurationPlatforms) = preSolution
		Debug|Any CPU = Debug|Any CPU
		Debug|x64 = Debug|x64
		Debug|x86 = Debug|x86
		Release|Any CPU = Release|Any CPU
		Release|x64 = Release|x64
		Release|x86 = Release|x86
	EndGlobalSection
	GlobalSection(SolutionProperties) = preSolution
		HideSolutionNode = FALSE
	EndGlobalSection
	GlobalSection(ProjectConfigurationPlatforms) = postSolution
		{F5F6445F-A953-4128-8E52-0F5094AFB2CF}.Debug|Any CPU.ActiveCfg = Debug|Any CPU
		{F5F6445F-A953-4128-8E52-0F5094AFB2CF}.Debug|Any CPU.Build.0 = Debug|Any CPU
		{F5F6445F-A953-4128-8E52-0F5094AFB2CF}.Debug|x64.ActiveCfg = Debug|Any CPU
		{F5F6445F-A953-4128-8E52-0F5094AFB2CF}.Debug|x64.Build.0 = Debug|Any CPU
		{F5F6445F-A953-4128-8E52-0F5094AFB2CF}.Debug|x86.ActiveCfg = Debug|Any CPU
		{F5F6445F-A953-4128-8E52-0F5094AFB2CF}.Debug|x86.Build.0 = Debug|Any CPU
		{F5F6445F-A953-4128-8E52-0F5094AFB2CF}.Release|Any CPU.ActiveCfg = Release|Any CPU
		{F5F6445F-A953-4128-8E52-0F5094AFB2CF}.Release|Any CPU.Build.0 = Release|Any CPU
		{F5F6445F-A953-4128-8E52-0F5094AFB2CF}.Release|x64.ActiveCfg = Release|Any CPU
		{F5F6445F-A953-4128-8E52-0F5094AFB2CF}.Release|x64.Build.0 = Release|Any CPU
		{F5F6445F-A953-4128-8E52-0F5094AFB2CF}.Release|x86.ActiveCfg = Release|Any CPU
		{F5F6445F-A953-4128-8E52-0F5094AFB2CF}.Release|x86.Build.0 = Release|Any CPU
		{B800ABA1-FE06-486F-8CC1-739FC8C647E9}.Debug|Any CPU.ActiveCfg = Debug|Any CPU
		{B800ABA1-FE06-486F-8CC1-739FC8C647E9}.Debug|Any CPU.Build.0 = Debug|Any CPU
		{B800ABA1-FE06-486F-8CC1-739FC8C647E9}.Debug|x64.ActiveCfg = Debug|Any CPU
		{B800ABA1-FE06-486F-8CC1-739FC8C647E9}.Debug|x64.Build.0 = Debug|Any CPU
		{B800ABA1-FE06-486F-8CC1-739FC8C647E9}.Debug|x86.ActiveCfg = Debug|Any CPU
		{B800ABA1-FE06-486F-8CC1-739FC8C647E9}.Debug|x86.Build.0 = Debug|Any CPU
		{B800ABA1-FE06-486F-8CC1-739FC8C647E9}.Release|Any CPU.ActiveCfg = Release|Any CPU
		{B800ABA1-FE06-486F-8CC1-739FC8C647E9}.Release|Any CPU.Build.0 = Release|Any CPU
		{B800ABA1-FE06-486F-8CC1-739FC8C647E9}.Release|x64.ActiveCfg = Release|Any CPU
		{B800ABA1-FE06-486F-8CC1-739FC8C647E9}.Release|x64.Build.0 = Release|Any CPU
		{B800ABA1-FE06-486F-8CC1-739FC8C647E9}.Release|x86.ActiveCfg = Release|Any CPU
		{B800ABA1-FE06-486F-8CC1-739FC8C647E9}.Release|x86.Build.0 = Release|Any CPU
		{7217C3AE-805C-4B22-9F49-DBFABEB0770C}.Debug|Any CPU.ActiveCfg = Debug|Any CPU
		{7217C3AE-805C-4B22-9F49-DBFABEB0770C}.Debug|Any CPU.Build.0 = Debug|Any CPU
		{7217C3AE-805C-4B22-9F49-DBFABEB0770C}.Debug|x64.ActiveCfg = Debug|Any CPU
		{7217C3AE-805C-4B22-9F49-DBFABEB0770C}.Debug|x64.Build.0 = Debug|Any CPU
		{7217C3AE-805C-4B22-9F49-DBFABEB0770C}.Debug|x86.ActiveCfg = Debug|Any CPU
		{7217C3AE-805C-4B22-9F49-DBFABEB0770C}.Debug|x86.Build.0 = Debug|Any CPU
		{7217C3AE-805C-4B22-9F49-DBFABEB0770C}.Release|Any CPU.ActiveCfg = Release|Any CPU
		{7217C3AE-805C-4B22-9F49-DBFABEB0770C}.Release|Any CPU.Build.0 = Release|Any CPU
		{7217C3AE-805C-4B22-9F49-DBFABEB0770C}.Release|x64.ActiveCfg = Release|Any CPU
		{7217C3AE-805C-4B22-9F49-DBFABEB0770C}.Release|x64.Build.0 = Release|Any CPU
		{7217C3AE-805C-4B22-9F49-DBFABEB0770C}.Release|x86.ActiveCfg = Release|Any CPU
		{7217C3AE-805C-4B22-9F49-DBFABEB0770C}.Release|x86.Build.0 = Release|Any CPU
		{55DE2C16-5C1C-4386-B7FD-6E32866ED992}.Debug|Any CPU.ActiveCfg = Debug|Any CPU
		{55DE2C16-5C1C-4386-B7FD-6E32866ED992}.Debug|Any CPU.Build.0 = Debug|Any CPU
		{55DE2C16-5C1C-4386-B7FD-6E32866ED992}.Debug|x64.ActiveCfg = Debug|Any CPU
		{55DE2C16-5C1C-4386-B7FD-6E32866ED992}.Debug|x64.Build.0 = Debug|Any CPU
		{55DE2C16-5C1C-4386-B7FD-6E32866ED992}.Debug|x86.ActiveCfg = Debug|Any CPU
		{55DE2C16-5C1C-4386-B7FD-6E32866ED992}.Debug|x86.Build.0 = Debug|Any CPU
		{55DE2C16-5C1C-4386-B7FD-6E32866ED992}.Release|Any CPU.ActiveCfg = Release|Any CPU
		{55DE2C16-5C1C-4386-B7FD-6E32866ED992}.Release|Any CPU.Build.0 = Release|Any CPU
		{55DE2C16-5C1C-4386-B7FD-6E32866ED992}.Release|x64.ActiveCfg = Release|Any CPU
		{55DE2C16-5C1C-4386-B7FD-6E32866ED992}.Release|x64.Build.0 = Release|Any CPU
		{55DE2C16-5C1C-4386-B7FD-6E32866ED992}.Release|x86.ActiveCfg = Release|Any CPU
		{55DE2C16-5C1C-4386-B7FD-6E32866ED992}.Release|x86.Build.0 = Release|Any CPU
		{B6E1854F-998B-4825-A2E7-F7B38B0F2E1D}.Debug|Any CPU.ActiveCfg = Debug|Any CPU
		{B6E1854F-998B-4825-A2E7-F7B38B0F2E1D}.Debug|Any CPU.Build.0 = Debug|Any CPU
		{B6E1854F-998B-4825-A2E7-F7B38B0F2E1D}.Debug|x64.ActiveCfg = Debug|Any CPU
		{B6E1854F-998B-4825-A2E7-F7B38B0F2E1D}.Debug|x64.Build.0 = Debug|Any CPU
		{B6E1854F-998B-4825-A2E7-F7B38B0F2E1D}.Debug|x86.ActiveCfg = Debug|Any CPU
		{B6E1854F-998B-4825-A2E7-F7B38B0F2E1D}.Debug|x86.Build.0 = Debug|Any CPU
		{B6E1854F-998B-4825-A2E7-F7B38B0F2E1D}.Release|Any CPU.ActiveCfg = Release|Any CPU
		{B6E1854F-998B-4825-A2E7-F7B38B0F2E1D}.Release|Any CPU.Build.0 = Release|Any CPU
		{B6E1854F-998B-4825-A2E7-F7B38B0F2E1D}.Release|x64.ActiveCfg = Release|Any CPU
		{B6E1854F-998B-4825-A2E7-F7B38B0F2E1D}.Release|x64.Build.0 = Release|Any CPU
		{B6E1854F-998B-4825-A2E7-F7B38B0F2E1D}.Release|x86.ActiveCfg = Release|Any CPU
		{B6E1854F-998B-4825-A2E7-F7B38B0F2E1D}.Release|x86.Build.0 = Release|Any CPU
	EndGlobalSection
EndGlobal
